
Microsoft Visual Studio Solution File, Format Version 12.00
# Visual Studio Version 17
VisualStudioVersion = 17.2.32516.85
MinimumVisualStudioVersion = 10.0.40219.1
Project("{8BC9CEB8-8B4A-11D0-8D11-00A0C91BC942}") = "algorithmCh1", "algorithmCh1\algorithmCh1.vcxproj", "{4F159F6C-4414-41A6-9806-11A33CA6FECF}"
EndProject
Project("{8BC9CEB8-8B4A-11D0-8D11-00A0C91BC942}") = "algorithmCh2", "algorithmCh2\algorithmCh2.vcxproj", "{62484FEA-D2D9-4194-925E-DD05A400DD56}"
EndProject
Project("{8BC9CEB8-8B4A-11D0-8D11-00A0C91BC942}") = "AlgorithmCh3", "AlgorithmCh3\AlgorithmCh3.vcxproj", "{9C94CDD3-94A8-47BA-852F-248028F2C69C}"
EndProject
Project("{8BC9CEB8-8B4A-11D0-8D11-00A0C91BC942}") = "AlgorithmCh4", "AlgorithmCh4\AlgorithmCh4.vcxproj", "{58BF9E90-CCE9-4EBD-9FED-6AEDBE6530F6}"
EndProject
Project("{8BC9CEB8-8B4A-11D0-8D11-00A0C91BC942}") = "AlgorithmCh5", "AlgorithmCh5\AlgorithmCh5.vcxproj", "{D122C0BD-87E7-4067-901B-EBCB108E2C16}"
EndProject
Project("{8BC9CEB8-8B4A-11D0-8D11-00A0C91BC942}") = "AlgorithmCh6", "AlgorithmCh6\AlgorithmCh6.vcxproj", "{9F8E9318-8F59-456A-820C-003574E1FE20}"
EndProject
Global
	GlobalSection(SolutionConfigurationPlatforms) = preSolution
		Debug|x64 = Debug|x64
		Debug|x86 = Debug|x86
		Release|x64 = Release|x64
		Release|x86 = Release|x86
	EndGlobalSection
	GlobalSection(ProjectConfigurationPlatforms) = postSolution
		{4F159F6C-4414-41A6-9806-11A33CA6FECF}.Debug|x64.ActiveCfg = Debug|x64
		{4F159F6C-4414-41A6-9806-11A33CA6FECF}.Debug|x64.Build.0 = Debug|x64
		{4F159F6C-4414-41A6-9806-11A33CA6FECF}.Debug|x86.ActiveCfg = Debug|Win32
		{4F159F6C-4414-41A6-9806-11A33CA6FECF}.Debug|x86.Build.0 = Debug|Win32
		{4F159F6C-4414-41A6-9806-11A33CA6FECF}.Release|x64.ActiveCfg = Release|x64
		{4F159F6C-4414-41A6-9806-11A33CA6FECF}.Release|x64.Build.0 = Release|x64
		{4F159F6C-4414-41A6-9806-11A33CA6FECF}.Release|x86.ActiveCfg = Release|Win32
		{4F159F6C-4414-41A6-9806-11A33CA6FECF}.Release|x86.Build.0 = Release|Win32
		{62484FEA-D2D9-4194-925E-DD05A400DD56}.Debug|x64.ActiveCfg = Debug|x64
		{62484FEA-D2D9-4194-925E-DD05A400DD56}.Debug|x64.Build.0 = Debug|x64
		{62484FEA-D2D9-4194-925E-DD05A400DD56}.Debug|x86.ActiveCfg = Debug|Win32
		{62484FEA-D2D9-4194-925E-DD05A400DD56}.Debug|x86.Build.0 = Debug|Win32
		{62484FEA-D2D9-4194-925E-DD05A400DD56}.Release|x64.ActiveCfg = Release|x64
		{62484FEA-D2D9-4194-925E-DD05A400DD56}.Release|x64.Build.0 = Release|x64
		{62484FEA-D2D9-4194-925E-DD05A400DD56}.Release|x86.ActiveCfg = Release|Win32
		{62484FEA-D2D9-4194-925E-DD05A400DD56}.Release|x86.Build.0 = Release|Win32
		{9C94CDD3-94A8-47BA-852F-248028F2C69C}.Debug|x64.ActiveCfg = Debug|x64
		{9C94CDD3-94A8-47BA-852F-248028F2C69C}.Debug|x64.Build.0 = Debug|x64
		{9C94CDD3-94A8-47BA-852F-248028F2C69C}.Debug|x86.ActiveCfg = Debug|Win32
		{9C94CDD3-94A8-47BA-852F-248028F2C69C}.Debug|x86.Build.0 = Debug|Win32
		{9C94CDD3-94A8-47BA-852F-248028F2C69C}.Release|x64.ActiveCfg = Release|x64
		{9C94CDD3-94A8-47BA-852F-248028F2C69C}.Release|x64.Build.0 = Release|x64
		{9C94CDD3-94A8-47BA-852F-248028F2C69C}.Release|x86.ActiveCfg = Release|Win32
		{9C94CDD3-94A8-47BA-852F-248028F2C69C}.Release|x86.Build.0 = Release|Win32
		{58BF9E90-CCE9-4EBD-9FED-6AEDBE6530F6}.Debug|x64.ActiveCfg = Debug|x64
		{58BF9E90-CCE9-4EBD-9FED-6AEDBE6530F6}.Debug|x64.Build.0 = Debug|x64
		{58BF9E90-CCE9-4EBD-9FED-6AEDBE6530F6}.Debug|x86.ActiveCfg = Debug|Win32
		{58BF9E90-CCE9-4EBD-9FED-6AEDBE6530F6}.Debug|x86.Build.0 = Debug|Win32
		{58BF9E90-CCE9-4EBD-9FED-6AEDBE6530F6}.Release|x64.ActiveCfg = Release|x64
		{58BF9E90-CCE9-4EBD-9FED-6AEDBE6530F6}.Release|x64.Build.0 = Release|x64
		{58BF9E90-CCE9-4EBD-9FED-6AEDBE6530F6}.Release|x86.ActiveCfg = Release|Win32
		{58BF9E90-CCE9-4EBD-9FED-6AEDBE6530F6}.Release|x86.Build.0 = Release|Win32
		{D122C0BD-87E7-4067-901B-EBCB108E2C16}.Debug|x64.ActiveCfg = Debug|x64
		{D122C0BD-87E7-4067-901B-EBCB108E2C16}.Debug|x64.Build.0 = Debug|x64
		{D122C0BD-87E7-4067-901B-EBCB108E2C16}.Debug|x86.ActiveCfg = Debug|Win32
		{D122C0BD-87E7-4067-901B-EBCB108E2C16}.Debug|x86.Build.0 = Debug|Win32
		{D122C0BD-87E7-4067-901B-EBCB108E2C16}.Release|x64.ActiveCfg = Release|x64
		{D122C0BD-87E7-4067-901B-EBCB108E2C16}.Release|x64.Build.0 = Release|x64
		{D122C0BD-87E7-4067-901B-EBCB108E2C16}.Release|x86.ActiveCfg = Release|Win32
		{D122C0BD-87E7-4067-901B-EBCB108E2C16}.Release|x86.Build.0 = Release|Win32
		{9F8E9318-8F59-456A-820C-003574E1FE20}.Debug|x64.ActiveCfg = Debug|x64
		{9F8E9318-8F59-456A-820C-003574E1FE20}.Debug|x64.Build.0 = Debug|x64
		{9F8E9318-8F59-456A-820C-003574E1FE20}.Debug|x86.ActiveCfg = Debug|Win32
		{9F8E9318-8F59-456A-820C-003574E1FE20}.Debug|x86.Build.0 = Debug|Win32
		{9F8E9318-8F59-456A-820C-003574E1FE20}.Release|x64.ActiveCfg = Release|x64
		{9F8E9318-8F59-456A-820C-003574E1FE20}.Release|x64.Build.0 = Release|x64
		{9F8E9318-8F59-456A-820C-003574E1FE20}.Release|x86.ActiveCfg = Release|Win32
		{9F8E9318-8F59-456A-820C-003574E1FE20}.Release|x86.Build.0 = Release|Win32
	EndGlobalSection
	GlobalSection(SolutionProperties) = preSolution
		HideSolutionNode = FALSE
	EndGlobalSection
	GlobalSection(ExtensibilityGlobals) = postSolution
		SolutionGuid = {1D667707-4E56-4DCE-9E6E-BB997FB380E9}
	EndGlobalSection
EndGlobal
